
Microsoft Visual Studio Solution File, Format Version 12.00
# Visual Studio 2012
Project("{FAE04EC0-301F-11D3-BF4B-00C04F79EFBC}") = "TCCKinect1.0", "TCCKinect1.0\TCCKinect1.0.csproj", "{FD9FDB11-75E4-40C0-9095-1B1F1B2EF1C5}"
EndProject
Project("{FAE04EC0-301F-11D3-BF4B-00C04F79EFBC}") = "CaptorKinect", "CaptorKinect\CaptorKinect.csproj", "{E724ADB3-8AED-49ED-A2DF-DA3D42D15582}"
EndProject
Global
	GlobalSection(SolutionConfigurationPlatforms) = preSolution
		Debug|Any CPU = Debug|Any CPU
		Release|Any CPU = Release|Any CPU
	EndGlobalSection
	GlobalSection(ProjectConfigurationPlatforms) = postSolution
		{FD9FDB11-75E4-40C0-9095-1B1F1B2EF1C5}.Debug|Any CPU.ActiveCfg = Debug|Any CPU
		{FD9FDB11-75E4-40C0-9095-1B1F1B2EF1C5}.Debug|Any CPU.Build.0 = Debug|Any CPU
		{FD9FDB11-75E4-40C0-9095-1B1F1B2EF1C5}.Release|Any CPU.ActiveCfg = Release|Any CPU
		{FD9FDB11-75E4-40C0-9095-1B1F1B2EF1C5}.Release|Any CPU.Build.0 = Release|Any CPU
		{E724ADB3-8AED-49ED-A2DF-DA3D42D15582}.Debug|Any CPU.ActiveCfg = Debug|Any CPU
		{E724ADB3-8AED-49ED-A2DF-DA3D42D15582}.Debug|Any CPU.Build.0 = Debug|Any CPU
		{E724ADB3-8AED-49ED-A2DF-DA3D42D15582}.Release|Any CPU.ActiveCfg = Release|Any CPU
		{E724ADB3-8AED-49ED-A2DF-DA3D42D15582}.Release|Any CPU.Build.0 = Release|Any CPU
	EndGlobalSection
	GlobalSection(SolutionProperties) = preSolution
		HideSolutionNode = FALSE
	EndGlobalSection
EndGlobal
